
Microsoft Visual Studio Solution File, Format Version 12.00
# Visual Studio Version 16
VisualStudioVersion = 16.0.32407.337
MinimumVisualStudioVersion = 10.0.40219.1
Project("{FAE04EC0-301F-11D3-BF4B-00C04F79EFBC}") = "Lab4_Capstone_PigLatin", "Lab4_Capstone_PigLatin\Lab4_Capstone_PigLatin.csproj", "{68CC5965-0945-4C91-B049-53590534D697}"
EndProject
Global
	GlobalSection(SolutionConfigurationPlatforms) = preSolution
		Debug|Any CPU = Debug|Any CPU
		Release|Any CPU = Release|Any CPU
	EndGlobalSection
	GlobalSection(ProjectConfigurationPlatforms) = postSolution
		{68CC5965-0945-4C91-B049-53590534D697}.Debug|Any CPU.ActiveCfg = Debug|Any CPU
		{68CC5965-0945-4C91-B049-53590534D697}.Debug|Any CPU.Build.0 = Debug|Any CPU
		{68CC5965-0945-4C91-B049-53590534D697}.Release|Any CPU.ActiveCfg = Release|Any CPU
		{68CC5965-0945-4C91-B049-53590534D697}.Release|Any CPU.Build.0 = Release|Any CPU
	EndGlobalSection
	GlobalSection(SolutionProperties) = preSolution
		HideSolutionNode = FALSE
	EndGlobalSection
	GlobalSection(ExtensibilityGlobals) = postSolution
		SolutionGuid = {BCE202F2-D7B3-47DA-AA08-169EBE2503DE}
	EndGlobalSection
EndGlobal
